
Microsoft Visual Studio Solution File, Format Version 12.00
# Visual Studio Version 16
VisualStudioVersion = 16.0.31112.23
MinimumVisualStudioVersion = 10.0.40219.1
Project("{FAE04EC0-301F-11D3-BF4B-00C04F79EFBC}") = "Server", "Server\Server.csproj", "{2EF99C0F-A988-4735-9D8A-DF514CC9CE49}"
EndProject
Project("{FAE04EC0-301F-11D3-BF4B-00C04F79EFBC}") = "Client", "Client\Client.csproj", "{35BB8CDB-263F-486F-BE90-470744A357A6}"
EndProject
Project("{FAE04EC0-301F-11D3-BF4B-00C04F79EFBC}") = "Common", "Common\Common.csproj", "{FD5ADA42-B023-4001-9B33-FF7DF44C1157}"
EndProject
Global
	GlobalSection(SolutionConfigurationPlatforms) = preSolution
		Debug|Any CPU = Debug|Any CPU
		Release|Any CPU = Release|Any CPU
	EndGlobalSection
	GlobalSection(ProjectConfigurationPlatforms) = postSolution
		{2EF99C0F-A988-4735-9D8A-DF514CC9CE49}.Debug|Any CPU.ActiveCfg = Debug|Any CPU
		{2EF99C0F-A988-4735-9D8A-DF514CC9CE49}.Debug|Any CPU.Build.0 = Debug|Any CPU
		{2EF99C0F-A988-4735-9D8A-DF514CC9CE49}.Release|Any CPU.ActiveCfg = Release|Any CPU
		{2EF99C0F-A988-4735-9D8A-DF514CC9CE49}.Release|Any CPU.Build.0 = Release|Any CPU
		{35BB8CDB-263F-486F-BE90-470744A357A6}.Debug|Any CPU.ActiveCfg = Debug|Any CPU
		{35BB8CDB-263F-486F-BE90-470744A357A6}.Debug|Any CPU.Build.0 = Debug|Any CPU
		{35BB8CDB-263F-486F-BE90-470744A357A6}.Release|Any CPU.ActiveCfg = Release|Any CPU
		{35BB8CDB-263F-486F-BE90-470744A357A6}.Release|Any CPU.Build.0 = Release|Any CPU
		{FD5ADA42-B023-4001-9B33-FF7DF44C1157}.Debug|Any CPU.ActiveCfg = Debug|Any CPU
		{FD5ADA42-B023-4001-9B33-FF7DF44C1157}.Debug|Any CPU.Build.0 = Debug|Any CPU
		{FD5ADA42-B023-4001-9B33-FF7DF44C1157}.Release|Any CPU.ActiveCfg = Release|Any CPU
		{FD5ADA42-B023-4001-9B33-FF7DF44C1157}.Release|Any CPU.Build.0 = Release|Any CPU
	EndGlobalSection
	GlobalSection(SolutionProperties) = preSolution
		HideSolutionNode = FALSE
	EndGlobalSection
	GlobalSection(ExtensibilityGlobals) = postSolution
		SolutionGuid = {D3E0D1E3-E22F-435E-B827-7CBC1AEB9DBC}
	EndGlobalSection
EndGlobal
